{
  "projects": [
    {
      "projectId": "hyV3Qh6omoZfLaxr2maQHq",
      "version": "latest",
      "dependencies": {},
      "lang": "ts",
      "fileLocks": [
        {
          "type": "globalVariant",
          "assetId": "38zwnZARMk9Gci",
          "checksum": "5f1f55fd7d9c5a29545d83ee262d169d"
        },
        {
          "type": "renderModule",
          "assetId": "k_UnP3SMVUT73",
          "checksum": "e22a7e9cc4dd462b9103346b27f6d955"
        },
        {
          "type": "cssRules",
          "assetId": "k_UnP3SMVUT73",
          "checksum": "e22a7e9cc4dd462b9103346b27f6d955"
        },
        {
          "type": "renderModule",
          "assetId": "l1cZrxXjGJlGQf",
          "checksum": "9895479133d64f68a73b153d48d2f268"
        },
        {
          "type": "cssRules",
          "assetId": "l1cZrxXjGJlGQf",
          "checksum": "9895479133d64f68a73b153d48d2f268"
        },
        {
          "type": "renderModule",
          "assetId": "x7rG2xB6vrdfcB",
          "checksum": "5b5f9383080e5f638b62e1e03dcf1858"
        },
        {
          "type": "cssRules",
          "assetId": "x7rG2xB6vrdfcB",
          "checksum": "5b5f9383080e5f638b62e1e03dcf1858"
        },
        {
          "type": "icon",
          "assetId": "QqqMrdFXzVjwWb",
          "checksum": "b894617c1bc9ffc345268370874ab93c"
        },
        {
          "type": "icon",
          "assetId": "EYy8CiUkq6_FkE",
          "checksum": "43f7abe273b6a8a1be52cb74757afaa6"
        },
        {
          "type": "icon",
          "assetId": "gXF2SgcO-6cAyH",
          "checksum": "f9bcb833f7627706a3ae76d0944dc668"
        },
        {
          "type": "icon",
          "assetId": "olNBCzGQRsO0pW",
          "checksum": "3bf1cec62f261a9ce20806505fd23e89"
        },
        {
          "type": "icon",
          "assetId": "3pQdzVq1LFuKN1",
          "checksum": "1d5bab33d1d0aafbd7188b71a20586e2"
        },
        {
          "type": "icon",
          "assetId": "HopU6anpDY-Q_0",
          "checksum": "eed38e4ca25ecd2cd80e28379b749f03"
        },
        {
          "type": "icon",
          "assetId": "rqUC0und_eIcLs",
          "checksum": "4490599dc42a4723fecf254329b39fcf"
        },
        {
          "type": "icon",
          "assetId": "OSUzn4xWLpgWdF",
          "checksum": "64cab5863ca6d9bd16e0c6354347d1a0"
        },
        {
          "type": "image",
          "assetId": "CHTt7rjGqxoj0n",
          "checksum": "08fd0531df4ab1d130a46c7ac6965736"
        },
        {
          "type": "image",
          "assetId": "m9PIQPq0yljyjJ",
          "checksum": "bc4aeea7a73b9188502b5ae0cc795176"
        },
        {
          "type": "image",
          "assetId": "3nRLz8PiXNF9rK",
          "checksum": "a772f54bf74de8f15bb66a015faacc5f"
        },
        {
          "type": "image",
          "assetId": "Qi6Il0ypLLzsuB",
          "checksum": "f824a4acbccd22df290a56ab837a8141"
        },
        {
          "type": "image",
          "assetId": "H8MyvU2ThXg2UJ",
          "checksum": "5bdef96db5d9e7460e19e9f9d905eaa5"
        },
        {
          "type": "image",
          "assetId": "CwktdYUiEhQsWW",
          "checksum": "f5e7f83559028516a2dfeffe2a8e95de"
        },
        {
          "type": "image",
          "assetId": "7cpvA0Oa7Cx5SC",
          "checksum": "f36d0508d60c1c377e948b0e00e723f9"
        },
        {
          "type": "image",
          "assetId": "zLWbUEFAC0i5gm",
          "checksum": "c814fabd036716252ce7b1a830166ce7"
        },
        {
          "type": "image",
          "assetId": "b-J7otZxm3UKwK",
          "checksum": "0e4c6ad20e46c98f8de85cb80df6f2de"
        },
        {
          "type": "image",
          "assetId": "OFFijTQksQlZIg",
          "checksum": "9644a938e687866ed77bea3b4c4cf8f8"
        },
        {
          "type": "image",
          "assetId": "iyMTWy46R9RH5k",
          "checksum": "106776f16b194cb28ca0207301b451c3"
        },
        {
          "type": "image",
          "assetId": "FtUlnSsWls3dDl",
          "checksum": "aa17a7873f3ed7fd119e3771b54ff5b1"
        },
        {
          "type": "image",
          "assetId": "gfEUlUO5HTNJHY",
          "checksum": "1c4d1eb3921bc13e5249b1acc17a55fa"
        },
        {
          "type": "image",
          "assetId": "I_4FZNpRSCU9zM",
          "checksum": "64f6bccaa00665965642b9b16fb00a29"
        },
        {
          "type": "image",
          "assetId": "3g0e580_5PpklH",
          "checksum": "816bc0489f3256c19a58608c9f02c861"
        },
        {
          "type": "image",
          "assetId": "R3Ti_uilQARKJP",
          "checksum": "b346203f8320bde0ee4fc77b4bcc5a84"
        },
        {
          "type": "image",
          "assetId": "CmbUSdZjsh1fmc",
          "checksum": "81d8ae994457fb96d3fe24b389ad1a8c"
        },
        {
          "type": "image",
          "assetId": "JicRHDu9xK-Lw3",
          "checksum": "81724f701f9038cbd7ce182ba14cf2b5"
        },
        {
          "type": "image",
          "assetId": "lsq9XbhMM2lBeQ",
          "checksum": "c2d11e31114064ea0664b76a1388ea65"
        },
        {
          "type": "image",
          "assetId": "ofYNKRUApGXzAL",
          "checksum": "bbf368da90440de899134944fd3f0410"
        },
        {
          "type": "image",
          "assetId": "P_PLH-I_lhrZ29",
          "checksum": "1987305218cc4029c22f3b732d767bff"
        },
        {
          "type": "image",
          "assetId": "vZHeplRDVdBwVJ",
          "checksum": "4a0f4e3d7e20913ff1dbcaf104de17fc"
        },
        {
          "type": "image",
          "assetId": "iTOMPMG6hncDdE",
          "checksum": "72e373dedec37b8a96b1fb544ee0048c"
        },
        {
          "type": "image",
          "assetId": "wkqPguPrwp0JTC",
          "checksum": "468b5dd5171df5be727d87dea677526a"
        },
        {
          "type": "image",
          "assetId": "2f9HEPYY7k5dLw",
          "checksum": "ea48930c9938c105f004ee69e9094be3"
        },
        {
          "type": "image",
          "assetId": "7mDKn4iPdj95su",
          "checksum": "e43428af33d36d4c400ad4465a94bcd6"
        },
        {
          "type": "image",
          "assetId": "bVDSh_ZJtamLxd",
          "checksum": "66f8f0902d64efadb4b1e2dd7d92c699"
        },
        {
          "type": "image",
          "assetId": "pu3JK9fHHGqvnN",
          "checksum": "a41b0b9d42f6d4d947962561e8d33cfb"
        },
        {
          "type": "image",
          "assetId": "tMXyB4aFUO-zC6",
          "checksum": "446449f61dc929f0bd6cf4a53fe58fca"
        },
        {
          "type": "image",
          "assetId": "7q84Xvu5TpBsti",
          "checksum": "971721da760fcc6a68fb0e2431243e76"
        },
        {
          "type": "image",
          "assetId": "FWe_9DMVhuHLcP",
          "checksum": "802c20b95302d405aec3826ca1a7b82c"
        },
        {
          "type": "image",
          "assetId": "ppym0PmpOhdCEe",
          "checksum": "495f0dcc58301c1d8a0da5e7e6126b8d"
        },
        {
          "type": "image",
          "assetId": "Cv6PrXTHwIMzrk",
          "checksum": "8f80b4cfadbb0a3b11f2db8edc8b546a"
        },
        {
          "type": "image",
          "assetId": "f7ZYJukvEdwxGj",
          "checksum": "ccde83923982e874296a9184efab3e80"
        },
        {
          "type": "image",
          "assetId": "IlrTPe86OUdHXH",
          "checksum": "82efe209c14a0f8a15205c7cbec7cdab"
        },
        {
          "type": "image",
          "assetId": "oYp6ydTg9LZ3L1",
          "checksum": "bf071ac31fd8afd26da8c92ebab364c8"
        },
        {
          "type": "image",
          "assetId": "7wZ0TPCLBkyixm",
          "checksum": "475afb6821b84c6b5d1b66bddc223231"
        },
        {
          "type": "image",
          "assetId": "zVhC3LPn4VnQz5",
          "checksum": "b702a53369268f49f58641a2c86295e5"
        },
        {
          "type": "image",
          "assetId": "V2v6zXVikVSAE-",
          "checksum": "c0a00fd1c376c872ced5bed05a172e2e"
        },
        {
          "type": "image",
          "assetId": "4VdGWen_v_A7jW",
          "checksum": "d28b330a9a2de52d90eeb1e839d60272"
        },
        {
          "type": "image",
          "assetId": "3egjsurOi4rUFc",
          "checksum": "9e067a3a0f2e8f9ea240c0865c728fdf"
        },
        {
          "type": "image",
          "assetId": "1zD2FlguY",
          "checksum": "62b3a6da8dd3cd1d117de1c9e9ced5e2"
        },
        {
          "type": "image",
          "assetId": "0oI440eno",
          "checksum": "d29bf2d6b3b7fd74b75de7ae7e488e73"
        },
        {
          "type": "image",
          "assetId": "LLqsxA6fg",
          "checksum": "ef908b70c554bd467f77a5de0baba04e"
        },
        {
          "type": "renderModule",
          "assetId": "Xw8-kYruc_9",
          "checksum": "4d049748cb964fbd61c156a89c0c10e4"
        },
        {
          "type": "cssRules",
          "assetId": "Xw8-kYruc_9",
          "checksum": "4d049748cb964fbd61c156a89c0c10e4"
        },
        {
          "type": "image",
          "assetId": "VC9oytiJP",
          "checksum": "02a1d33fd25550351ef22bcc523f7e7d"
        },
        {
          "type": "image",
          "assetId": "5r1FpKI_w",
          "checksum": "d16bbbe8f0638f0ef00b0f1b33660d38"
        },
        {
          "type": "image",
          "assetId": "wBhhyCaBO",
          "checksum": "b6cd82546719e20ee741e75c51cedca1"
        },
        {
          "type": "renderModule",
          "assetId": "jXtM3YjACR",
          "checksum": "6ddace49a9a03a840cb8de8af9402f13"
        },
        {
          "type": "cssRules",
          "assetId": "jXtM3YjACR",
          "checksum": "6ddace49a9a03a840cb8de8af9402f13"
        },
        {
          "assetId": "hyV3Qh6omoZfLaxr2maQHq",
          "type": "projectCss",
          "checksum": "fdc4c0210edeb5fe0c1fffceabf2d791"
        }
      ],
      "codegenVersion": "0.0.1"
    }
  ],
  "cliVersion": "0.1.184"
}
